
Microsoft Visual Studio Solution File, Format Version 12.00
# Visual Studio Version 17
VisualStudioVersion = 17.7.34031.279
MinimumVisualStudioVersion = 10.0.40219.1
Project("{FAE04EC0-301F-11D3-BF4B-00C04F79EFBC}") = "MyWeb.Web", "MyWeb\MyWeb.Web.csproj", "{7658BF18-0085-4F69-902E-33E83698A5F2}"
EndProject
Project("{FAE04EC0-301F-11D3-BF4B-00C04F79EFBC}") = "MyWeb.AutoMapperProfiles", "MyWeb.AutoMapperProfiles\MyWeb.AutoMapperProfiles.csproj", "{B7DEDA44-8E90-4B79-BA88-C28A194F8C5F}"
EndProject
Project("{FAE04EC0-301F-11D3-BF4B-00C04F79EFBC}") = "MyWeb.DataLayer", "MyWeb.DataLayer\MyWeb.DataLayer.csproj", "{7B2B1912-2DCD-4D94-9450-FF90C8B39BA9}"
EndProject
Project("{FAE04EC0-301F-11D3-BF4B-00C04F79EFBC}") = "MyWeb.DomainClasses", "MyWeb.DomainClasses\MyWeb.DomainClasses.csproj", "{9F900B27-53B9-4265-8B05-8F3C9A4EEF32}"
EndProject
Project("{FAE04EC0-301F-11D3-BF4B-00C04F79EFBC}") = "MyWeb.IocConfig", "MyWeb.IocConfig\MyWeb.IocConfig.csproj", "{71F5E335-AF4F-4C41-B814-ADD072009375}"
EndProject
Project("{FAE04EC0-301F-11D3-BF4B-00C04F79EFBC}") = "MyWeb.ServiceLayer", "MyWeb.ServiceLayer\MyWeb.ServiceLayer.csproj", "{7A30417A-F18F-464C-A744-A3185B2E4699}"
EndProject
Project("{FAE04EC0-301F-11D3-BF4B-00C04F79EFBC}") = "MyWeb.Utility", "MyWeb.Utility\MyWeb.Utility.csproj", "{5A74C7AF-5524-4875-B624-8293BC4CBFFC}"
EndProject
Project("{FAE04EC0-301F-11D3-BF4B-00C04F79EFBC}") = "MyWeb.ViewModel", "MyWeb.ViewModel\MyWeb.ViewModel.csproj", "{FDBF5EA6-BBF8-40D8-9D99-6D1D53F44C9E}"
EndProject
Project("{2150E333-8FDC-42A3-9474-1A3956D46DE8}") = "Solution Items", "Solution Items", "{F7F22727-C135-4188-8E60-E4EC7CFE3795}"
	ProjectSection(SolutionItems) = preProject
		.gitignore = .gitignore
	EndProjectSection
EndProject
Global
	GlobalSection(SolutionConfigurationPlatforms) = preSolution
		Debug|Any CPU = Debug|Any CPU
		Release|Any CPU = Release|Any CPU
	EndGlobalSection
	GlobalSection(ProjectConfigurationPlatforms) = postSolution
		{7658BF18-0085-4F69-902E-33E83698A5F2}.Debug|Any CPU.ActiveCfg = Debug|Any CPU
		{7658BF18-0085-4F69-902E-33E83698A5F2}.Debug|Any CPU.Build.0 = Debug|Any CPU
		{7658BF18-0085-4F69-902E-33E83698A5F2}.Release|Any CPU.ActiveCfg = Release|Any CPU
		{7658BF18-0085-4F69-902E-33E83698A5F2}.Release|Any CPU.Build.0 = Release|Any CPU
		{B7DEDA44-8E90-4B79-BA88-C28A194F8C5F}.Debug|Any CPU.ActiveCfg = Debug|Any CPU
		{B7DEDA44-8E90-4B79-BA88-C28A194F8C5F}.Debug|Any CPU.Build.0 = Debug|Any CPU
		{B7DEDA44-8E90-4B79-BA88-C28A194F8C5F}.Release|Any CPU.ActiveCfg = Release|Any CPU
		{B7DEDA44-8E90-4B79-BA88-C28A194F8C5F}.Release|Any CPU.Build.0 = Release|Any CPU
		{7B2B1912-2DCD-4D94-9450-FF90C8B39BA9}.Debug|Any CPU.ActiveCfg = Debug|Any CPU
		{7B2B1912-2DCD-4D94-9450-FF90C8B39BA9}.Debug|Any CPU.Build.0 = Debug|Any CPU
		{7B2B1912-2DCD-4D94-9450-FF90C8B39BA9}.Release|Any CPU.ActiveCfg = Release|Any CPU
		{7B2B1912-2DCD-4D94-9450-FF90C8B39BA9}.Release|Any CPU.Build.0 = Release|Any CPU
		{9F900B27-53B9-4265-8B05-8F3C9A4EEF32}.Debug|Any CPU.ActiveCfg = Debug|Any CPU
		{9F900B27-53B9-4265-8B05-8F3C9A4EEF32}.Debug|Any CPU.Build.0 = Debug|Any CPU
		{9F900B27-53B9-4265-8B05-8F3C9A4EEF32}.Release|Any CPU.ActiveCfg = Release|Any CPU
		{9F900B27-53B9-4265-8B05-8F3C9A4EEF32}.Release|Any CPU.Build.0 = Release|Any CPU
		{71F5E335-AF4F-4C41-B814-ADD072009375}.Debug|Any CPU.ActiveCfg = Debug|Any CPU
		{71F5E335-AF4F-4C41-B814-ADD072009375}.Debug|Any CPU.Build.0 = Debug|Any CPU
		{71F5E335-AF4F-4C41-B814-ADD072009375}.Release|Any CPU.ActiveCfg = Release|Any CPU
		{71F5E335-AF4F-4C41-B814-ADD072009375}.Release|Any CPU.Build.0 = Release|Any CPU
		{7A30417A-F18F-464C-A744-A3185B2E4699}.Debug|Any CPU.ActiveCfg = Debug|Any CPU
		{7A30417A-F18F-464C-A744-A3185B2E4699}.Debug|Any CPU.Build.0 = Debug|Any CPU
		{7A30417A-F18F-464C-A744-A3185B2E4699}.Release|Any CPU.ActiveCfg = Release|Any CPU
		{7A30417A-F18F-464C-A744-A3185B2E4699}.Release|Any CPU.Build.0 = Release|Any CPU
		{5A74C7AF-5524-4875-B624-8293BC4CBFFC}.Debug|Any CPU.ActiveCfg = Debug|Any CPU
		{5A74C7AF-5524-4875-B624-8293BC4CBFFC}.Debug|Any CPU.Build.0 = Debug|Any CPU
		{5A74C7AF-5524-4875-B624-8293BC4CBFFC}.Release|Any CPU.ActiveCfg = Release|Any CPU
		{5A74C7AF-5524-4875-B624-8293BC4CBFFC}.Release|Any CPU.Build.0 = Release|Any CPU
		{FDBF5EA6-BBF8-40D8-9D99-6D1D53F44C9E}.Debug|Any CPU.ActiveCfg = Debug|Any CPU
		{FDBF5EA6-BBF8-40D8-9D99-6D1D53F44C9E}.Debug|Any CPU.Build.0 = Debug|Any CPU
		{FDBF5EA6-BBF8-40D8-9D99-6D1D53F44C9E}.Release|Any CPU.ActiveCfg = Release|Any CPU
		{FDBF5EA6-BBF8-40D8-9D99-6D1D53F44C9E}.Release|Any CPU.Build.0 = Release|Any CPU
	EndGlobalSection
	GlobalSection(SolutionProperties) = preSolution
		HideSolutionNode = FALSE
	EndGlobalSection
	GlobalSection(ExtensibilityGlobals) = postSolution
		SolutionGuid = {1D27BAAC-36E8-4D36-AE18-F44C2892DDF2}
	EndGlobalSection
EndGlobal
